<?xml version="1.0" encoding="utf-8"?>
<Project ToolsVersion="4.0" xmlns="http://schemas.microsoft.com/developer/msbuild/2003">
  <ItemGroup>
    <ClCompile Include="WinMain.cpp" />
    <ClCompile Include="win32\Win32Window.cpp">
      <Filter>win32</Filter>
    </ClCompile>
    <ClCompile Include="win32\Win32ComponentLoader.cpp">
      <Filter>win32</Filter>
    </ClCompile>
    <ClCompile Include="core\ComponentManager.cpp">
      <Filter>core</Filter>
    </ClCompile>
    <ClCompile Include="win32\Win32GameLoop.cpp">
      <Filter>win32</Filter>
    </ClCompile>
    <ClCompile Include="core\EventManager.cpp">
      <Filter>core</Filter>
    </ClCompile>
    <ClCompile Include="tests\Breakout.cpp">
      <Filter>tests</Filter>
    </ClCompile>
    <ClCompile Include="tests\TestRenderer2D.cpp">
      <Filter>tests</Filter>
    </ClCompile>
  </ItemGroup>
  <ItemGroup>
    <Filter Include="win32">
      <UniqueIdentifier>{abf5d1ff-b6d3-44c1-a0d2-8ec18f131880}</UniqueIdentifier>
    </Filter>
    <Filter Include="core">
      <UniqueIdentifier>{c879e4de-724d-4f0c-b043-052f3cf4ac55}</UniqueIdentifier>
    </Filter>
    <Filter Include="graphics">
      <UniqueIdentifier>{fdb989b0-f6df-410b-b032-e249dd650f13}</UniqueIdentifier>
    </Filter>
    <Filter Include="tests">
      <UniqueIdentifier>{f2e702e6-9aa8-4030-86aa-612d4d45c6b2}</UniqueIdentifier>
    </Filter>
  </ItemGroup>
  <ItemGroup>
    <ClInclude Include="win32\Win32Window.h">
      <Filter>win32</Filter>
    </ClInclude>
    <ClInclude Include="core\ComponentManager.h">
      <Filter>core</Filter>
    </ClInclude>
    <ClInclude Include="core\ComponentNode.h">
      <Filter>core</Filter>
    </ClInclude>
    <ClInclude Include="core\IComponentLoader.h">
      <Filter>core</Filter>
    </ClInclude>
    <ClInclude Include="core\CUID.h">
      <Filter>core</Filter>
    </ClInclude>
    <ClInclude Include="core\EVID.h">
      <Filter>core</Filter>
    </ClInclude>
    <ClInclude Include="core\EventManager.h">
      <Filter>core</Filter>
    </ClInclude>
    <ClInclude Include="core\IEventSubscriber.h">
      <Filter>core</Filter>
    </ClInclude>
    <ClInclude Include="core\IGameLoop.h">
      <Filter>core</Filter>
    </ClInclude>
    <ClInclude Include="win32\Win32GameLoop.h">
      <Filter>win32</Filter>
    </ClInclude>
    <ClInclude Include="core\EventSubscriberNode.h">
      <Filter>core</Filter>
    </ClInclude>
    <ClInclude Include="graphics\Color.h">
      <Filter>graphics</Filter>
    </ClInclude>
    <ClInclude Include="graphics\IRenderer2D.h">
      <Filter>graphics</Filter>
    </ClInclude>
    <ClInclude Include="graphics\Point.h">
      <Filter>graphics</Filter>
    </ClInclude>
    <ClInclude Include="graphics\Rect.h">
      <Filter>graphics</Filter>
    </ClInclude>
    <ClInclude Include="tests\Breakout.h">
      <Filter>tests</Filter>
    </ClInclude>
    <ClInclude Include="tests\TestRenderer2D.h">
      <Filter>tests</Filter>
    </ClInclude>
  </ItemGroup>
</Project>